
Microsoft Visual Studio Solution File, Format Version 12.00
# Visual Studio Version 16
VisualStudioVersion = 16.0.31515.178
MinimumVisualStudioVersion = 10.0.40219.1
Project("{8BC9CEB8-8B4A-11D0-8D11-00A0C91BC942}") = "math.h  fmod函数  计算 x 除以 y 的余数", "math.h  fmod函数  计算 x 除以 y 的余数.vcxproj", "{9D2DCD20-6D4C-489B-AEAD-281C8845B4CD}"
EndProject
Global
	GlobalSection(SolutionConfigurationPlatforms) = preSolution
		Debug|x64 = Debug|x64
		Debug|x86 = Debug|x86
		Release|x64 = Release|x64
		Release|x86 = Release|x86
	EndGlobalSection
	GlobalSection(ProjectConfigurationPlatforms) = postSolution
		{9D2DCD20-6D4C-489B-AEAD-281C8845B4CD}.Debug|x64.ActiveCfg = Debug|x64
		{9D2DCD20-6D4C-489B-AEAD-281C8845B4CD}.Debug|x64.Build.0 = Debug|x64
		{9D2DCD20-6D4C-489B-AEAD-281C8845B4CD}.Debug|x86.ActiveCfg = Debug|Win32
		{9D2DCD20-6D4C-489B-AEAD-281C8845B4CD}.Debug|x86.Build.0 = Debug|Win32
		{9D2DCD20-6D4C-489B-AEAD-281C8845B4CD}.Release|x64.ActiveCfg = Release|x64
		{9D2DCD20-6D4C-489B-AEAD-281C8845B4CD}.Release|x64.Build.0 = Release|x64
		{9D2DCD20-6D4C-489B-AEAD-281C8845B4CD}.Release|x86.ActiveCfg = Release|Win32
		{9D2DCD20-6D4C-489B-AEAD-281C8845B4CD}.Release|x86.Build.0 = Release|Win32
	EndGlobalSection
	GlobalSection(SolutionProperties) = preSolution
		HideSolutionNode = FALSE
	EndGlobalSection
	GlobalSection(ExtensibilityGlobals) = postSolution
		SolutionGuid = {290BCE8D-0705-4652-A329-A28B14C2EA40}
	EndGlobalSection
EndGlobal
